// !$*UTF8*$!
{
	archiveVersion = 1;
	classes = {
	};
	objectVersion = 50;
	objects = {

/* Begin PBXBuildFile section */
		02DE46CF256D5376007EE31C /* WalkingApp.swift in Sources */ = {isa = PBXBuildFile; fileRef = 02DE46CE256D5376007EE31C /* WalkingApp.swift */; };
		02DE46D1256D5376007EE31C /* ContentView.swift in Sources */ = {isa = PBXBuildFile; fileRef = 02DE46D0256D5376007EE31C /* ContentView.swift */; };
		02DE46D3256D5383007EE31C /* Assets.xcassets in Resources */ = {isa = PBXBuildFile; fileRef = 02DE46D2256D5383007EE31C /* Assets.xcassets */; };
		02DE46D6256D5383007EE31C /* Preview Assets.xcassets in Resources */ = {isa = PBXBuildFile; fileRef = 02DE46D5256D5383007EE31C /* Preview Assets.xcassets */; };
		02DE46DF256D5EE4007EE31C /* HealthStore.swift in Sources */ = {isa = PBXBuildFile; fileRef = 02DE46DE256D5EE4007EE31C /* HealthStore.swift */; };
		02DE46E5256D8CCB007EE31C /* HealthKit.framework in Frameworks */ = {isa = PBXBuildFile; fileRef = 02DE46E4256D8CCB007EE31C /* HealthKit.framework */; };
		02DE46E8256D8EC5007EE31C /* extensions.swift in Sources */ = {isa = PBXBuildFile; fileRef = 02DE46E7256D8EC5007EE31C /* extensions.swift */; };
		02DE46EC256D94E7007EE31C /* Step.swift in Sources */ = {isa = PBXBuildFile; fileRef = 02DE46EB256D94E7007EE31C /* Step.swift */; };
		02DE46F0256EAA06007EE31C /* GraphView.swift in Sources */ = {isa = PBXBuildFile; fileRef = 02DE46EF256EAA06007EE31C /* GraphView.swift */; };
		02F6357C258FFD71008AB72B /* Extensions.swift in Sources */ = {isa = PBXBuildFile; fileRef = 02F6357B258FFD70008AB72B /* Extensions.swift */; };
/* End PBXBuildFile section */

/* Begin PBXFileReference section */
		02DE46CB256D5376007EE31C /* Walking.app */ = {isa = PBXFileReference; explicitFileType = wrapper.application; includeInIndex = 0; path = Walking.app; sourceTree = BUILT_PRODUCTS_DIR; };
		02DE46CE256D5376007EE31C /* WalkingApp.swift */ = {isa = PBXFileReference; lastKnownFileType = sourcecode.swift; path = WalkingApp.swift; sourceTree = "<group>"; };
		02DE46D0256D5376007EE31C /* ContentView.swift */ = {isa = PBXFileReference; lastKnownFileType = sourcecode.swift; path = ContentView.swift; sourceTree = "<group>"; };
		02DE46D2256D5383007EE31C /* Assets.xcassets */ = {isa = PBXFileReference; lastKnownFileType = folder.assetcatalog; path = Assets.xcassets; sourceTree = "<group>"; };
		02DE46D5256D5383007EE31C /* Preview Assets.xcassets */ = {isa = PBXFileReference; lastKnownFileType = folder.assetcatalog; path = "Preview Assets.xcassets"; sourceTree = "<group>"; };
		02DE46D7256D5383007EE31C /* Info.plist */ = {isa = PBXFileReference; lastKnownFileType = text.plist.xml; path = Info.plist; sourceTree = "<group>"; };
		02DE46DE256D5EE4007EE31C /* HealthStore.swift */ = {isa = PBXFileReference; lastKnownFileType = sourcecode.swift; path = HealthStore.swift; sourceTree = "<group>"; };
		02DE46E2256D8CCB007EE31C /* Walking.entitlements */ = {isa = PBXFileReference; lastKnownFileType = text.plist.entitlements; path = Walking.entitlements; sourceTree = "<group>"; };
		02DE46E4256D8CCB007EE31C /* HealthKit.framework */ = {isa = PBXFileReference; lastKnownFileType = wrapper.framework; name = HealthKit.framework; path = System/Library/Frameworks/HealthKit.framework; sourceTree = SDKROOT; };
		02DE46E7256D8EC5007EE31C /* extensions.swift */ = {isa = PBXFileReference; lastKnownFileType = sourcecode.swift; path = extensions.swift; sourceTree = "<group>"; };
		02DE46EB256D94E7007EE31C /* Step.swift */ = {isa = PBXFileReference; lastKnownFileType = sourcecode.swift; path = Step.swift; sourceTree = "<group>"; };
		02DE46EF256EAA06007EE31C /* GraphView.swift */ = {isa = PBXFileReference; lastKnownFileType = sourcecode.swift; path = GraphView.swift; sourceTree = "<group>"; };
		02F6357B258FFD70008AB72B /* Extensions.swift */ = {isa = PBXFileReference; lastKnownFileType = sourcecode.swift; path = Extensions.swift; sourceTree = "<group>"; };
/* End PBXFileReference section */

/* Begin PBXFrameworksBuildPhase section */
		02DE46C8256D5376007EE31C /* Frameworks */ = {
			isa = PBXFrameworksBuildPhase;
			buildActionMask = 2147483647;
			files = (
				02DE46E5256D8CCB007EE31C /* HealthKit.framework in Frameworks */,
			);
			runOnlyForDeploymentPostprocessing = 0;
		};
/* End PBXFrameworksBuildPhase section */

/* Begin PBXGroup section */
		02DE46C2256D5376007EE31C = {
			isa = PBXGroup;
			children = (
				02DE46CD256D5376007EE31C /* Walking */,
				02DE46CC256D5376007EE31C /* Products */,
				02DE46E3256D8CCB007EE31C /* Frameworks */,
			);
			sourceTree = "<group>";
		};
		02DE46CC256D5376007EE31C /* Products */ = {
			isa = PBXGroup;
			children = (
				02DE46CB256D5376007EE31C /* Walking.app */,
			);
			name = Products;
			sourceTree = "<group>";
		};
		02DE46CD256D5376007EE31C /* Walking */ = {
			isa = PBXGroup;
			children = (
				02F6357A258FFC5E008AB72B /* Utilities */,
				02DE46EE256EA9EA007EE31C /* Views */,
				02DE46EA256D94C5007EE31C /* Models */,
				02DE46E2256D8CCB007EE31C /* Walking.entitlements */,
				02DE46CE256D5376007EE31C /* WalkingApp.swift */,
				02DE46D0256D5376007EE31C /* ContentView.swift */,
				02DE46DE256D5EE4007EE31C /* HealthStore.swift */,
				02DE46D2256D5383007EE31C /* Assets.xcassets */,
				02DE46D7256D5383007EE31C /* Info.plist */,
				02DE46D4256D5383007EE31C /* Preview Content */,
				02DE46E7256D8EC5007EE31C /* extensions.swift */,
			);
			path = Walking;
			sourceTree = "<group>";
		};
		02DE46D4256D5383007EE31C /* Preview Content */ = {
			isa = PBXGroup;
			children = (
				02DE46D5256D5383007EE31C /* Preview Assets.xcassets */,
			);
			path = "Preview Content";
			sourceTree = "<group>";
		};
		02DE46E3256D8CCB007EE31C /* Frameworks */ = {
			isa = PBXGroup;
			children = (
				02DE46E4256D8CCB007EE31C /* HealthKit.framework */,
			);
			name = Frameworks;
			sourceTree = "<group>";
		};
		02DE46EA256D94C5007EE31C /* Models */ = {
			isa = PBXGroup;
			children = (
				02DE46EB256D94E7007EE31C /* Step.swift */,
			);
			path = Models;
			sourceTree = "<group>";
		};
		02DE46EE256EA9EA007EE31C /* Views */ = {
			isa = PBXGroup;
			children = (
				02DE46EF256EAA06007EE31C /* GraphView.swift */,
			);
			path = Views;
			sourceTree = "<group>";
		};
		02F6357A258FFC5E008AB72B /* Utilities */ = {
			isa = PBXGroup;
			children = (
				02F6357B258FFD70008AB72B /* Extensions.swift */,
			);
			path = Utilities;
			sourceTree = "<group>";
		};
/* End PBXGroup section */

/* Begin PBXNativeTarget section */
		02DE46CA256D5376007EE31C /* Walking */ = {
			isa = PBXNativeTarget;
			buildConfigurationList = 02DE46DA256D5383007EE31C /* Build configuration list for PBXNativeTarget "Walking" */;
			buildPhases = (
				02DE46C7256D5376007EE31C /* Sources */,
				02DE46C8256D5376007EE31C /* Frameworks */,
				02DE46C9256D5376007EE31C /* Resources */,
			);
			buildRules = (
			);
			dependencies = (
			);
			name = Walking;
			productName = Walking;
			productReference = 02DE46CB256D5376007EE31C /* Walking.app */;
			productType = "com.apple.product-type.application";
		};
/* End PBXNativeTarget section */

/* Begin PBXProject section */
		02DE46C3256D5376007EE31C /* Project object */ = {
			isa = PBXProject;
			attributes = {
				LastSwiftUpdateCheck = 1220;
				LastUpgradeCheck = 1220;
				TargetAttributes = {
					02DE46CA256D5376007EE31C = {
						CreatedOnToolsVersion = 12.2;
					};
				};
			};
			buildConfigurationList = 02DE46C6256D5376007EE31C /* Build configuration list for PBXProject "Walking" */;
			compatibilityVersion = "Xcode 9.3";
			developmentRegion = en;
			hasScannedForEncodings = 0;
			knownRegions = (
				en,
				Base,
			);
			mainGroup = 02DE46C2256D5376007EE31C;
			productRefGroup = 02DE46CC256D5376007EE31C /* Products */;
			projectDirPath = "";
			projectRoot = "";
			targets = (
				02DE46CA256D5376007EE31C /* Walking */,
			);
		};
/* End PBXProject section */

/* Begin PBXResourcesBuildPhase section */
		02DE46C9256D5376007EE31C /* Resources */ = {
			isa = PBXResourcesBuildPhase;
			buildActionMask = 2147483647;
			files = (
				02DE46D6256D5383007EE31C /* Preview Assets.xcassets in Resources */,
				02DE46D3256D5383007EE31C /* Assets.xcassets in Resources */,
			);
			runOnlyForDeploymentPostprocessing = 0;
		};
/* End PBXResourcesBuildPhase section */

/* Begin PBXSourcesBuildPhase section */
		02DE46C7256D5376007EE31C /* Sources */ = {
			isa = PBXSourcesBuildPhase;
			buildActionMask = 2147483647;
			files = (
				02DE46D1256D5376007EE31C /* ContentView.swift in Sources */,
				02DE46DF256D5EE4007EE31C /* HealthStore.swift in Sources */,
				02DE46EC256D94E7007EE31C /* Step.swift in Sources */,
				02DE46CF256D5376007EE31C /* WalkingApp.swift in Sources */,
				02DE46E8256D8EC5007EE31C /* extensions.swift in Sources */,
				02DE46F0256EAA06007EE31C /* GraphView.swift in Sources */,
				02F6357C258FFD71008AB72B /* Extensions.swift in Sources */,
			);
			runOnlyForDeploymentPostprocessing = 0;
		};
/* End PBXSourcesBuildPhase section */

/* Begin XCBuildConfiguration section */
		02DE46D8256D5383007EE31C /* Debug */ = {
			isa = XCBuildConfiguration;
			buildSettings = {
				ALWAYS_SEARCH_USER_PATHS = NO;
				CLANG_ANALYZER_NONNULL = YES;
				CLANG_ANALYZER_NUMBER_OBJECT_CONVERSION = YES_AGGRESSIVE;
				CLANG_CXX_LANGUAGE_STANDARD = "gnu++14";
				CLANG_CXX_LIBRARY = "libc++";
				CLANG_ENABLE_MODULES = YES;
				CLANG_ENABLE_OBJC_ARC = YES;
				CLANG_ENABLE_OBJC_WEAK = YES;
				CLANG_WARN_BLOCK_CAPTURE_AUTORELEASING = YES;
				CLANG_WARN_BOOL_CONVERSION = YES;
				CLANG_WARN_COMMA = YES;
				CLANG_WARN_CONSTANT_CONVERSION = YES;
				CLANG_WARN_DEPRECATED_OBJC_IMPLEMENTATIONS = YES;
				CLANG_WARN_DIRECT_OBJC_ISA_USAGE = YES_ERROR;
				CLANG_WARN_DOCUMENTATION_COMMENTS = YES;
				CLANG_WARN_EMPTY_BODY = YES;
				CLANG_WARN_ENUM_CONVERSION = YES;
				CLANG_WARN_INFINITE_RECURSION = YES;
				CLANG_WARN_INT_CONVERSION = YES;
				CLANG_WARN_NON_LITERAL_NULL_CONVERSION = YES;
				CLANG_WARN_OBJC_IMPLICIT_RETAIN_SELF = YES;
				CLANG_WARN_OBJC_LITERAL_CONVERSION = YES;
				CLANG_WARN_OBJC_ROOT_CLASS = YES_ERROR;
				CLANG_WARN_QUOTED_INCLUDE_IN_FRAMEWORK_HEADER = YES;
				CLANG_WARN_RANGE_LOOP_ANALYSIS = YES;
				CLANG_WARN_STRICT_PROTOTYPES = YES;
				CLANG_WARN_SUSPICIOUS_MOVE = YES;
				CLANG_WARN_UNGUARDED_AVAILABILITY = YES_AGGRESSIVE;
				CLANG_WARN_UNREACHABLE_CODE = YES;
				CLANG_WARN__DUPLICATE_METHOD_MATCH = YES;
				COPY_PHASE_STRIP = NO;
				DEBUG_INFORMATION_FORMAT = dwarf;
				ENABLE_STRICT_OBJC_MSGSEND = YES;
				ENABLE_TESTABILITY = YES;
				GCC_C_LANGUAGE_STANDARD = gnu11;
				GCC_DYNAMIC_NO_PIC = NO;
				GCC_NO_COMMON_BLOCKS = YES;
				GCC_OPTIMIZATION_LEVEL = 0;
				GCC_PREPROCESSOR_DEFINITIONS = (
					"DEBUG=1",
					"$(inherited)",
				);
				GCC_WARN_64_TO_32_BIT_CONVERSION = YES;
				GCC_WARN_ABOUT_RETURN_TYPE = YES_ERROR;
				GCC_WARN_UNDECLARED_SELECTOR = YES;
				GCC_WARN_UNINITIALIZED_AUTOS = YES_AGGRESSIVE;
				GCC_WARN_UNUSED_FUNCTION = YES;
				GCC_WARN_UNUSED_VARIABLE = YES;
				IPHONEOS_DEPLOYMENT_TARGET = 14.2;
				MTL_ENABLE_DEBUG_INFO = INCLUDE_SOURCE;
				MTL_FAST_MATH = YES;
				ONLY_ACTIVE_ARCH = YES;
				SDKROOT = iphoneos;
				SWIFT_ACTIVE_COMPILATION_CONDITIONS = DEBUG;
				SWIFT_OPTIMIZATION_LEVEL = "-Onone";
			};
			name = Debug;
		};
		02DE46D9256D5383007EE31C /* Release */ = {
			isa = XCBuildConfiguration;
			buildSettings = {
				ALWAYS_SEARCH_USER_PATHS = NO;
				CLANG_ANALYZER_NONNULL = YES;
				CLANG_ANALYZER_NUMBER_OBJECT_CONVERSION = YES_AGGRESSIVE;
				CLANG_CXX_LANGUAGE_STANDARD = "gnu++14";
				CLANG_CXX_LIBRARY = "libc++";
				CLANG_ENABLE_MODULES = YES;
				CLANG_ENABLE_OBJC_ARC = YES;
				CLANG_ENABLE_OBJC_WEAK = YES;
				CLANG_WARN_BLOCK_CAPTURE_AUTORELEASING = YES;
				CLANG_WARN_BOOL_CONVERSION = YES;
				CLANG_WARN_COMMA = YES;
				CLANG_WARN_CONSTANT_CONVERSION = YES;
				CLANG_WARN_DEPRECATED_OBJC_IMPLEMENTATIONS = YES;
				CLANG_WARN_DIRECT_OBJC_ISA_USAGE = YES_ERROR;
				CLANG_WARN_DOCUMENTATION_COMMENTS = YES;
				CLANG_WARN_EMPTY_BODY = YES;
				CLANG_WARN_ENUM_CONVERSION = YES;
				CLANG_WARN_INFINITE_RECURSION = YES;
				CLANG_WARN_INT_CONVERSION = YES;
				CLANG_WARN_NON_LITERAL_NULL_CONVERSION = YES;
				CLANG_WARN_OBJC_IMPLICIT_RETAIN_SELF = YES;
				CLANG_WARN_OBJC_LITERAL_CONVERSION = YES;
				CLANG_WARN_OBJC_ROOT_CLASS = YES_ERROR;
				CLANG_WARN_QUOTED_INCLUDE_IN_FRAMEWORK_HEADER = YES;
				CLANG_WARN_RANGE_LOOP_ANALYSIS = YES;
				CLANG_WARN_STRICT_PROTOTYPES = YES;
				CLANG_WARN_SUSPICIOUS_MOVE = YES;
				CLANG_WARN_UNGUARDED_AVAILABILITY = YES_AGGRESSIVE;
				CLANG_WARN_UNREACHABLE_CODE = YES;
				CLANG_WARN__DUPLICATE_METHOD_MATCH = YES;
				COPY_PHASE_STRIP = NO;
				DEBUG_INFORMATION_FORMAT = "dwarf-with-dsym";
				ENABLE_NS_ASSERTIONS = NO;
				ENABLE_STRICT_OBJC_MSGSEND = YES;
				GCC_C_LANGUAGE_STANDARD = gnu11;
				GCC_NO_COMMON_BLOCKS = YES;
				GCC_WARN_64_TO_32_BIT_CONVERSION = YES;
				GCC_WARN_ABOUT_RETURN_TYPE = YES_ERROR;
				GCC_WARN_UNDECLARED_SELECTOR = YES;
				GCC_WARN_UNINITIALIZED_AUTOS = YES_AGGRESSIVE;
				GCC_WARN_UNUSED_FUNCTION = YES;
				GCC_WARN_UNUSED_VARIABLE = YES;
				IPHONEOS_DEPLOYMENT_TARGET = 14.2;
				MTL_ENABLE_DEBUG_INFO = NO;
				MTL_FAST_MATH = YES;
				SDKROOT = iphoneos;
				SWIFT_COMPILATION_MODE = wholemodule;
				SWIFT_OPTIMIZATION_LEVEL = "-O";
				VALIDATE_PRODUCT = YES;
			};
			name = Release;
		};
		02DE46DB256D5383007EE31C /* Debug */ = {
			isa = XCBuildConfiguration;
			buildSettings = {
				ASSETCATALOG_COMPILER_APPICON_NAME = AppIcon;
				ASSETCATALOG_COMPILER_GLOBAL_ACCENT_COLOR_NAME = AccentColor;
				CODE_SIGN_ENTITLEMENTS = Walking/Walking.entitlements;
				CODE_SIGN_STYLE = Automatic;
				DEVELOPMENT_ASSET_PATHS = "\"Walking/Preview Content\"";
				DEVELOPMENT_TEAM = S9H4B38ZQN;
				ENABLE_PREVIEWS = YES;
				INFOPLIST_FILE = Walking/Info.plist;
				IPHONEOS_DEPLOYMENT_TARGET = 14.0;
				LD_RUNPATH_SEARCH_PATHS = (
					"$(inherited)",
					"@executable_path/Frameworks",
				);
				PRODUCT_BUNDLE_IDENTIFIER = uk.co.krisreid.Walking;
				PRODUCT_NAME = "$(TARGET_NAME)";
				SWIFT_VERSION = 5.0;
				TARGETED_DEVICE_FAMILY = "1,2";
			};
			name = Debug;
		};
		02DE46DC256D5383007EE31C /* Release */ = {
			isa = XCBuildConfiguration;
			buildSettings = {
				ASSETCATALOG_COMPILER_APPICON_NAME = AppIcon;
				ASSETCATALOG_COMPILER_GLOBAL_ACCENT_COLOR_NAME = AccentColor;
				CODE_SIGN_ENTITLEMENTS = Walking/Walking.entitlements;
				CODE_SIGN_STYLE = Automatic;
				DEVELOPMENT_ASSET_PATHS = "\"Walking/Preview Content\"";
				DEVELOPMENT_TEAM = S9H4B38ZQN;
				ENABLE_PREVIEWS = YES;
				INFOPLIST_FILE = Walking/Info.plist;
				IPHONEOS_DEPLOYMENT_TARGET = 14.0;
				LD_RUNPATH_SEARCH_PATHS = (
					"$(inherited)",
					"@executable_path/Frameworks",
				);
				PRODUCT_BUNDLE_IDENTIFIER = uk.co.krisreid.Walking;
				PRODUCT_NAME = "$(TARGET_NAME)";
				SWIFT_VERSION = 5.0;
				TARGETED_DEVICE_FAMILY = "1,2";
			};
			name = Release;
		};
/* End XCBuildConfiguration section */

/* Begin XCConfigurationList section */
		02DE46C6256D5376007EE31C /* Build configuration list for PBXProject "Walking" */ = {
			isa = XCConfigurationList;
			buildConfigurations = (
				02DE46D8256D5383007EE31C /* Debug */,
				02DE46D9256D5383007EE31C /* Release */,
			);
			defaultConfigurationIsVisible = 0;
			defaultConfigurationName = Release;
		};
		02DE46DA256D5383007EE31C /* Build configuration list for PBXNativeTarget "Walking" */ = {
			isa = XCConfigurationList;
			buildConfigurations = (
				02DE46DB256D5383007EE31C /* Debug */,
				02DE46DC256D5383007EE31C /* Release */,
			);
			defaultConfigurationIsVisible = 0;
			defaultConfigurationName = Release;
		};
/* End XCConfigurationList section */
	};
	rootObject = 02DE46C3256D5376007EE31C /* Project object */;
}
